
Microsoft Visual Studio Solution File, Format Version 12.00
# Visual Studio 15
VisualStudioVersion = 15.0.27703.2042
MinimumVisualStudioVersion = 10.0.40219.1
Project("{FAE04EC0-301F-11D3-BF4B-00C04F79EFBC}") = "NGCOREAPP", "NGCOREAPP\NGCOREAPP.csproj", "{4BBABF20-7046-400B-B0CD-20B647D315E0}"
EndProject
Global
	GlobalSection(SolutionConfigurationPlatforms) = preSolution
		Debug|Any CPU = Debug|Any CPU
		Release|Any CPU = Release|Any CPU
	EndGlobalSection
	GlobalSection(ProjectConfigurationPlatforms) = postSolution
		{4BBABF20-7046-400B-B0CD-20B647D315E0}.Debug|Any CPU.ActiveCfg = Debug|Any CPU
		{4BBABF20-7046-400B-B0CD-20B647D315E0}.Debug|Any CPU.Build.0 = Debug|Any CPU
		{4BBABF20-7046-400B-B0CD-20B647D315E0}.Release|Any CPU.ActiveCfg = Release|Any CPU
		{4BBABF20-7046-400B-B0CD-20B647D315E0}.Release|Any CPU.Build.0 = Release|Any CPU
	EndGlobalSection
	GlobalSection(SolutionProperties) = preSolution
		HideSolutionNode = FALSE
	EndGlobalSection
	GlobalSection(ExtensibilityGlobals) = postSolution
		SolutionGuid = {1FEA67B7-176A-4BCC-B25C-DAD89B9A2F06}
	EndGlobalSection
EndGlobal
